{
  "name": "miniprogram",
  "version": "1.0.0",
  "lockfileVersion": 1,
  "requires": true,
  "dependencies": {
    "vant-weapp": {
      "version": "0.5.20",
      "resolved": "http://r.cnpmjs.org/vant-weapp/download/vant-weapp-0.5.20.tgz",
      "integrity": "sha1-hLnD6EHqw8z0Isz5FkKfFQF3l40="
    }
  }
}
